
Microsoft Visual Studio Solution File, Format Version 12.00
# Visual Studio 2013
VisualStudioVersion = 12.0.31101.0
MinimumVisualStudioVersion = 10.0.40219.1
Project("{FAE04EC0-301F-11D3-BF4B-00C04F79EFBC}") = "BookDemoAPI.WebAPI", "src\BookDemoAPI.WebAPI\BookDemoAPI.WebAPI.csproj", "{0FD33A91-6990-49DB-9EA8-E719F58C4312}"
EndProject
Project("{FAE04EC0-301F-11D3-BF4B-00C04F79EFBC}") = "BookDemoAPI.Entities", "src\BookDemoAPI.Entities\BookDemoAPI.Entities.csproj", "{D3AFF1AE-38A3-4772-A060-A9B2F205ECAA}"
EndProject
Project("{FAE04EC0-301F-11D3-BF4B-00C04F79EFBC}") = "BookDemoAPI.DAL", "src\BookDemoAPI.DAL\BookDemoAPI.DAL.csproj", "{C9A49FBC-181E-4293-AC5F-11AE6EC05D11}"
EndProject
Project("{FAE04EC0-301F-11D3-BF4B-00C04F79EFBC}") = "BookDemoAPI.Repositories", "src\BookDemoAPI.Repositories\BookDemoAPI.Repositories.csproj", "{C0D38159-8BFA-4590-8D3F-2910A8E9FD85}"
EndProject
Global
	GlobalSection(SolutionConfigurationPlatforms) = preSolution
		Debug|Any CPU = Debug|Any CPU
		Release|Any CPU = Release|Any CPU
	EndGlobalSection
	GlobalSection(ProjectConfigurationPlatforms) = postSolution
		{0FD33A91-6990-49DB-9EA8-E719F58C4312}.Debug|Any CPU.ActiveCfg = Debug|Any CPU
		{0FD33A91-6990-49DB-9EA8-E719F58C4312}.Debug|Any CPU.Build.0 = Debug|Any CPU
		{0FD33A91-6990-49DB-9EA8-E719F58C4312}.Release|Any CPU.ActiveCfg = Release|Any CPU
		{0FD33A91-6990-49DB-9EA8-E719F58C4312}.Release|Any CPU.Build.0 = Release|Any CPU
		{D3AFF1AE-38A3-4772-A060-A9B2F205ECAA}.Debug|Any CPU.ActiveCfg = Debug|Any CPU
		{D3AFF1AE-38A3-4772-A060-A9B2F205ECAA}.Debug|Any CPU.Build.0 = Debug|Any CPU
		{D3AFF1AE-38A3-4772-A060-A9B2F205ECAA}.Release|Any CPU.ActiveCfg = Release|Any CPU
		{D3AFF1AE-38A3-4772-A060-A9B2F205ECAA}.Release|Any CPU.Build.0 = Release|Any CPU
		{C9A49FBC-181E-4293-AC5F-11AE6EC05D11}.Debug|Any CPU.ActiveCfg = Debug|Any CPU
		{C9A49FBC-181E-4293-AC5F-11AE6EC05D11}.Debug|Any CPU.Build.0 = Debug|Any CPU
		{C9A49FBC-181E-4293-AC5F-11AE6EC05D11}.Release|Any CPU.ActiveCfg = Release|Any CPU
		{C9A49FBC-181E-4293-AC5F-11AE6EC05D11}.Release|Any CPU.Build.0 = Release|Any CPU
		{C0D38159-8BFA-4590-8D3F-2910A8E9FD85}.Debug|Any CPU.ActiveCfg = Debug|Any CPU
		{C0D38159-8BFA-4590-8D3F-2910A8E9FD85}.Debug|Any CPU.Build.0 = Debug|Any CPU
		{C0D38159-8BFA-4590-8D3F-2910A8E9FD85}.Release|Any CPU.ActiveCfg = Release|Any CPU
		{C0D38159-8BFA-4590-8D3F-2910A8E9FD85}.Release|Any CPU.Build.0 = Release|Any CPU
	EndGlobalSection
	GlobalSection(SolutionProperties) = preSolution
		HideSolutionNode = FALSE
	EndGlobalSection
EndGlobal
